
Microsoft Visual Studio Solution File, Format Version 12.00
# Visual Studio Version 16
VisualStudioVersion = 16.0.30114.105
MinimumVisualStudioVersion = 10.0.40219.1
Project("{FAE04EC0-301F-11D3-BF4B-00C04F79EFBC}") = "MneLabMVC", "MneLabMVC\MneLabMVC.csproj", "{97AEA137-827F-4CA2-9008-60E86FD84E37}"
EndProject
Global
	GlobalSection(SolutionConfigurationPlatforms) = preSolution
		Debug|Any CPU = Debug|Any CPU
		Release|Any CPU = Release|Any CPU
	EndGlobalSection
	GlobalSection(ProjectConfigurationPlatforms) = postSolution
		{97AEA137-827F-4CA2-9008-60E86FD84E37}.Debug|Any CPU.ActiveCfg = Debug|Any CPU
		{97AEA137-827F-4CA2-9008-60E86FD84E37}.Debug|Any CPU.Build.0 = Debug|Any CPU
		{97AEA137-827F-4CA2-9008-60E86FD84E37}.Release|Any CPU.ActiveCfg = Release|Any CPU
		{97AEA137-827F-4CA2-9008-60E86FD84E37}.Release|Any CPU.Build.0 = Release|Any CPU
	EndGlobalSection
	GlobalSection(SolutionProperties) = preSolution
		HideSolutionNode = FALSE
	EndGlobalSection
	GlobalSection(ExtensibilityGlobals) = postSolution
		SolutionGuid = {415EB84B-B04B-4811-B57B-C4FF9DFC9B2B}
	EndGlobalSection
EndGlobal
